
Microsoft Visual Studio Solution File, Format Version 12.00
# Visual Studio Version 17
VisualStudioVersion = 17.5.33530.505
MinimumVisualStudioVersion = 10.0.40219.1
Project("{FAE04EC0-301F-11D3-BF4B-00C04F79EFBC}") = "listPOO09", "listPOO09.csproj", "{D92816B2-9BAE-4C35-BED7-EEADA68B23F4}"
EndProject
Global
	GlobalSection(SolutionConfigurationPlatforms) = preSolution
		Debug|Any CPU = Debug|Any CPU
		Release|Any CPU = Release|Any CPU
	EndGlobalSection
	GlobalSection(ProjectConfigurationPlatforms) = postSolution
		{D92816B2-9BAE-4C35-BED7-EEADA68B23F4}.Debug|Any CPU.ActiveCfg = Debug|Any CPU
		{D92816B2-9BAE-4C35-BED7-EEADA68B23F4}.Debug|Any CPU.Build.0 = Debug|Any CPU
		{D92816B2-9BAE-4C35-BED7-EEADA68B23F4}.Release|Any CPU.ActiveCfg = Release|Any CPU
		{D92816B2-9BAE-4C35-BED7-EEADA68B23F4}.Release|Any CPU.Build.0 = Release|Any CPU
	EndGlobalSection
	GlobalSection(SolutionProperties) = preSolution
		HideSolutionNode = FALSE
	EndGlobalSection
	GlobalSection(ExtensibilityGlobals) = postSolution
		SolutionGuid = {0FEA8A51-528C-4377-8CDF-EC96F364AE62}
	EndGlobalSection
EndGlobal
